
Microsoft Visual Studio Solution File, Format Version 12.00
# Visual Studio Version 17
VisualStudioVersion = 17.0.31903.59
MinimumVisualStudioVersion = 10.0.40219.1
Project("{FAE04EC0-301F-11D3-BF4B-00C04F79EFBC}") = "Khaos.JEX", "src\Khaos.JEX\Khaos.JEX.csproj", "{050702D1-0B2C-47B7-ACFC-A75699A5C9F7}"
EndProject
Project("{FAE04EC0-301F-11D3-BF4B-00C04F79EFBC}") = "Khaos.JEX.Tests", "tests\Khaos.JEX.Tests\Khaos.JEX.Tests.csproj", "{A3B1F72A-D39F-4D1A-A29B-DDD18509D584}"
EndProject
Project("{FAE04EC0-301F-11D3-BF4B-00C04F79EFBC}") = "Khaos.JEX.Benchmarks", "benchmarks\Khaos.JEX.Benchmarks\Khaos.JEX.Benchmarks.csproj", "{6FF70722-7A69-4C27-8CB1-989255EBBC73}"
EndProject
Global
	GlobalSection(SolutionConfigurationPlatforms) = preSolution
		Debug|Any CPU = Debug|Any CPU
		Debug|x64 = Debug|x64
		Debug|x86 = Debug|x86
		Release|Any CPU = Release|Any CPU
		Release|x64 = Release|x64
		Release|x86 = Release|x86
	EndGlobalSection
	GlobalSection(ProjectConfigurationPlatforms) = postSolution
		{050702D1-0B2C-47B7-ACFC-A75699A5C9F7}.Debug|Any CPU.ActiveCfg = Debug|Any CPU
		{050702D1-0B2C-47B7-ACFC-A75699A5C9F7}.Debug|Any CPU.Build.0 = Debug|Any CPU
		{050702D1-0B2C-47B7-ACFC-A75699A5C9F7}.Debug|x64.ActiveCfg = Debug|Any CPU
		{050702D1-0B2C-47B7-ACFC-A75699A5C9F7}.Debug|x64.Build.0 = Debug|Any CPU
		{050702D1-0B2C-47B7-ACFC-A75699A5C9F7}.Debug|x86.ActiveCfg = Debug|Any CPU
		{050702D1-0B2C-47B7-ACFC-A75699A5C9F7}.Debug|x86.Build.0 = Debug|Any CPU
		{050702D1-0B2C-47B7-ACFC-A75699A5C9F7}.Release|Any CPU.ActiveCfg = Release|Any CPU
		{050702D1-0B2C-47B7-ACFC-A75699A5C9F7}.Release|Any CPU.Build.0 = Release|Any CPU
		{050702D1-0B2C-47B7-ACFC-A75699A5C9F7}.Release|x64.ActiveCfg = Release|Any CPU
		{050702D1-0B2C-47B7-ACFC-A75699A5C9F7}.Release|x64.Build.0 = Release|Any CPU
		{050702D1-0B2C-47B7-ACFC-A75699A5C9F7}.Release|x86.ActiveCfg = Release|Any CPU
		{050702D1-0B2C-47B7-ACFC-A75699A5C9F7}.Release|x86.Build.0 = Release|Any CPU
		{A3B1F72A-D39F-4D1A-A29B-DDD18509D584}.Debug|Any CPU.ActiveCfg = Debug|Any CPU
		{A3B1F72A-D39F-4D1A-A29B-DDD18509D584}.Debug|Any CPU.Build.0 = Debug|Any CPU
		{A3B1F72A-D39F-4D1A-A29B-DDD18509D584}.Debug|x64.ActiveCfg = Debug|Any CPU
		{A3B1F72A-D39F-4D1A-A29B-DDD18509D584}.Debug|x64.Build.0 = Debug|Any CPU
		{A3B1F72A-D39F-4D1A-A29B-DDD18509D584}.Debug|x86.ActiveCfg = Debug|Any CPU
		{A3B1F72A-D39F-4D1A-A29B-DDD18509D584}.Debug|x86.Build.0 = Debug|Any CPU
		{A3B1F72A-D39F-4D1A-A29B-DDD18509D584}.Release|Any CPU.ActiveCfg = Release|Any CPU
		{A3B1F72A-D39F-4D1A-A29B-DDD18509D584}.Release|Any CPU.Build.0 = Release|Any CPU
		{A3B1F72A-D39F-4D1A-A29B-DDD18509D584}.Release|x64.ActiveCfg = Release|Any CPU
		{A3B1F72A-D39F-4D1A-A29B-DDD18509D584}.Release|x64.Build.0 = Release|Any CPU
		{A3B1F72A-D39F-4D1A-A29B-DDD18509D584}.Release|x86.ActiveCfg = Release|Any CPU
		{A3B1F72A-D39F-4D1A-A29B-DDD18509D584}.Release|x86.Build.0 = Release|Any CPU
		{6FF70722-7A69-4C27-8CB1-989255EBBC73}.Debug|Any CPU.ActiveCfg = Debug|Any CPU
		{6FF70722-7A69-4C27-8CB1-989255EBBC73}.Debug|Any CPU.Build.0 = Debug|Any CPU
		{6FF70722-7A69-4C27-8CB1-989255EBBC73}.Debug|x64.ActiveCfg = Debug|Any CPU
		{6FF70722-7A69-4C27-8CB1-989255EBBC73}.Debug|x64.Build.0 = Debug|Any CPU
		{6FF70722-7A69-4C27-8CB1-989255EBBC73}.Debug|x86.ActiveCfg = Debug|Any CPU
		{6FF70722-7A69-4C27-8CB1-989255EBBC73}.Debug|x86.Build.0 = Debug|Any CPU
		{6FF70722-7A69-4C27-8CB1-989255EBBC73}.Release|Any CPU.ActiveCfg = Release|Any CPU
		{6FF70722-7A69-4C27-8CB1-989255EBBC73}.Release|Any CPU.Build.0 = Release|Any CPU
		{6FF70722-7A69-4C27-8CB1-989255EBBC73}.Release|x64.ActiveCfg = Release|Any CPU
		{6FF70722-7A69-4C27-8CB1-989255EBBC73}.Release|x64.Build.0 = Release|Any CPU
		{6FF70722-7A69-4C27-8CB1-989255EBBC73}.Release|x86.ActiveCfg = Release|Any CPU
		{6FF70722-7A69-4C27-8CB1-989255EBBC73}.Release|x86.Build.0 = Release|Any CPU
	EndGlobalSection
	GlobalSection(SolutionProperties) = preSolution
		HideSolutionNode = FALSE
	EndGlobalSection
EndGlobal
